
Microsoft Visual Studio Solution File, Format Version 12.00
# Visual Studio Version 17
VisualStudioVersion = 17.11.35312.102
MinimumVisualStudioVersion = 10.0.40219.1
Project("{FAE04EC0-301F-11D3-BF4B-00C04F79EFBC}") = "Models", "Models.csproj", "{B1CCE233-675F-44D1-982E-F4DC4104D80F}"
EndProject
Project("{FAE04EC0-301F-11D3-BF4B-00C04F79EFBC}") = "Core", "..\Core\Core.csproj", "{C7579C5E-6D18-4352-83C1-F2EA50F52304}"
EndProject
Global
	GlobalSection(SolutionConfigurationPlatforms) = preSolution
		Debug|Any CPU = Debug|Any CPU
		Release|Any CPU = Release|Any CPU
	EndGlobalSection
	GlobalSection(ProjectConfigurationPlatforms) = postSolution
		{B1CCE233-675F-44D1-982E-F4DC4104D80F}.Debug|Any CPU.ActiveCfg = Debug|Any CPU
		{B1CCE233-675F-44D1-982E-F4DC4104D80F}.Debug|Any CPU.Build.0 = Debug|Any CPU
		{B1CCE233-675F-44D1-982E-F4DC4104D80F}.Release|Any CPU.ActiveCfg = Release|Any CPU
		{B1CCE233-675F-44D1-982E-F4DC4104D80F}.Release|Any CPU.Build.0 = Release|Any CPU
		{C7579C5E-6D18-4352-83C1-F2EA50F52304}.Debug|Any CPU.ActiveCfg = Debug|Any CPU
		{C7579C5E-6D18-4352-83C1-F2EA50F52304}.Debug|Any CPU.Build.0 = Debug|Any CPU
		{C7579C5E-6D18-4352-83C1-F2EA50F52304}.Release|Any CPU.ActiveCfg = Release|Any CPU
		{C7579C5E-6D18-4352-83C1-F2EA50F52304}.Release|Any CPU.Build.0 = Release|Any CPU
	EndGlobalSection
	GlobalSection(SolutionProperties) = preSolution
		HideSolutionNode = FALSE
	EndGlobalSection
	GlobalSection(ExtensibilityGlobals) = postSolution
		SolutionGuid = {A787D6DF-2FE8-45F9-8C75-EA7388B05541}
	EndGlobalSection
EndGlobal
